// !$*UTF8*$!
{
	archiveVersion = 1;
	classes = {
	};
	objectVersion = 46;
	objects = {

/* Begin PBXBuildFile section */
		6806B8B617ACADFD007F7A37 /* ThoughtGuideTableViewController.m in Sources */ = {isa = PBXBuildFile; fileRef = 6806B8B517ACADFD007F7A37 /* ThoughtGuideTableViewController.m */; };
		6806B8B917ACB164007F7A37 /* AddThoughtGuideViewController.m in Sources */ = {isa = PBXBuildFile; fileRef = 6806B8B817ACB164007F7A37 /* AddThoughtGuideViewController.m */; };
		6812A77B179EDD86007609DC /* Group+Create.m in Sources */ = {isa = PBXBuildFile; fileRef = 6812A77A179EDD86007609DC /* Group+Create.m */; };
		6812A77E179EDDDC007609DC /* Trigger+Create.m in Sources */ = {isa = PBXBuildFile; fileRef = 6812A77D179EDDDC007609DC /* Trigger+Create.m */; };
		6820F0CF1795E9AA00332A80 /* Foundation.framework in Frameworks */ = {isa = PBXBuildFile; fileRef = 6820F0CE1795E9AA00332A80 /* Foundation.framework */; };
		6820F0D11795E9AA00332A80 /* CoreGraphics.framework in Frameworks */ = {isa = PBXBuildFile; fileRef = 6820F0D01795E9AA00332A80 /* CoreGraphics.framework */; };
		6820F0D31795E9AA00332A80 /* UIKit.framework in Frameworks */ = {isa = PBXBuildFile; fileRef = 6820F0D21795E9AA00332A80 /* UIKit.framework */; };
		6820F0D91795E9AA00332A80 /* InfoPlist.strings in Resources */ = {isa = PBXBuildFile; fileRef = 6820F0D71795E9AA00332A80 /* InfoPlist.strings */; };
		6820F0DB1795E9AA00332A80 /* main.m in Sources */ = {isa = PBXBuildFile; fileRef = 6820F0DA1795E9AA00332A80 /* main.m */; };
		6820F0DF1795E9AA00332A80 /* WRAppDelegate.m in Sources */ = {isa = PBXBuildFile; fileRef = 6820F0DE1795E9AA00332A80 /* WRAppDelegate.m */; };
		6820F0E21795E9AA00332A80 /* Main_iPhone.storyboard in Resources */ = {isa = PBXBuildFile; fileRef = 6820F0E01795E9AA00332A80 /* Main_iPhone.storyboard */; };
		6820F0E51795E9AA00332A80 /* Main_iPad.storyboard in Resources */ = {isa = PBXBuildFile; fileRef = 6820F0E31795E9AA00332A80 /* Main_iPad.storyboard */; };
		6820F0E81795E9AA00332A80 /* Step1ViewController.m in Sources */ = {isa = PBXBuildFile; fileRef = 6820F0E71795E9AA00332A80 /* Step1ViewController.m */; };
		6820F0EA1795E9AA00332A80 /* Images.xcassets in Resources */ = {isa = PBXBuildFile; fileRef = 6820F0E91795E9AA00332A80 /* Images.xcassets */; };
		6820F0F11795E9AA00332A80 /* XCTest.framework in Frameworks */ = {isa = PBXBuildFile; fileRef = 6820F0F01795E9AA00332A80 /* XCTest.framework */; };
		6820F0F21795E9AA00332A80 /* Foundation.framework in Frameworks */ = {isa = PBXBuildFile; fileRef = 6820F0CE1795E9AA00332A80 /* Foundation.framework */; };
		6820F0F31795E9AA00332A80 /* UIKit.framework in Frameworks */ = {isa = PBXBuildFile; fileRef = 6820F0D21795E9AA00332A80 /* UIKit.framework */; };
		6820F0FB1795E9AA00332A80 /* InfoPlist.strings in Resources */ = {isa = PBXBuildFile; fileRef = 6820F0F91795E9AA00332A80 /* InfoPlist.strings */; };
		6820F0FD1795E9AA00332A80 /* WRAssistantTests.m in Sources */ = {isa = PBXBuildFile; fileRef = 6820F0FC1795E9AA00332A80 /* WRAssistantTests.m */; };
		6820F1081795EBF800332A80 /* Step2ViewController.m in Sources */ = {isa = PBXBuildFile; fileRef = 6820F1071795EBF800332A80 /* Step2ViewController.m */; };
		6820F10B1795EC2800332A80 /* Step3ViewController.m in Sources */ = {isa = PBXBuildFile; fileRef = 6820F10A1795EC2800332A80 /* Step3ViewController.m */; };
		6820F10E1795EC3F00332A80 /* Step4ViewController.m in Sources */ = {isa = PBXBuildFile; fileRef = 6820F10D1795EC3F00332A80 /* Step4ViewController.m */; };
		6820F1111795EC6C00332A80 /* Step5ViewController.m in Sources */ = {isa = PBXBuildFile; fileRef = 6820F1101795EC6C00332A80 /* Step5ViewController.m */; };
		6820F1141795EC8700332A80 /* Step6ViewController.m in Sources */ = {isa = PBXBuildFile; fileRef = 6820F1131795EC8700332A80 /* Step6ViewController.m */; };
		6820F1171795EC9800332A80 /* Step7ViewController.m in Sources */ = {isa = PBXBuildFile; fileRef = 6820F1161795EC9800332A80 /* Step7ViewController.m */; };
		6820F11A1795ECAF00332A80 /* Step8ViewController.m in Sources */ = {isa = PBXBuildFile; fileRef = 6820F1191795ECAF00332A80 /* Step8ViewController.m */; };
		6820F11D1795ECCA00332A80 /* Step9ViewController.m in Sources */ = {isa = PBXBuildFile; fileRef = 6820F11C1795ECCA00332A80 /* Step9ViewController.m */; };
		6820F1201795ECDD00332A80 /* Step10ViewController.m in Sources */ = {isa = PBXBuildFile; fileRef = 6820F11F1795ECDD00332A80 /* Step10ViewController.m */; };
		6820F1231795ECEC00332A80 /* Step11ViewController.m in Sources */ = {isa = PBXBuildFile; fileRef = 6820F1221795ECEC00332A80 /* Step11ViewController.m */; };
		6821575417B6C1B60000E1A1 /* WRStepViewController.m in Sources */ = {isa = PBXBuildFile; fileRef = 6821575317B6C1B60000E1A1 /* WRStepViewController.m */; };
		68301DE217B04C05009DA35B /* AddTriggerViewController.m in Sources */ = {isa = PBXBuildFile; fileRef = 68301DE117B04C05009DA35B /* AddTriggerViewController.m */; };
		6831668A17B2A81D00BABF39 /* ThoughtGuide.m in Sources */ = {isa = PBXBuildFile; fileRef = 6831668917B2A81D00BABF39 /* ThoughtGuide.m */; };
		6831668D17B2A99100BABF39 /* ThoughtGuide+Create.m in Sources */ = {isa = PBXBuildFile; fileRef = 6831668C17B2A99100BABF39 /* ThoughtGuide+Create.m */; };
		6840AB2717A0C6C90067D4C9 /* CoreData.framework in Frameworks */ = {isa = PBXBuildFile; fileRef = 6840AB2617A0C6C90067D4C9 /* CoreData.framework */; };
		685240B017B6D93400BBE97E /* TimeCountdown.m in Sources */ = {isa = PBXBuildFile; fileRef = 685240AF17B6D93400BBE97E /* TimeCountdown.m */; };
		6865BDC317B83844007EBB9F /* WRStepsTableViewController.m in Sources */ = {isa = PBXBuildFile; fileRef = 6865BDC217B83844007EBB9F /* WRStepsTableViewController.m */; };
		68669CB517A96A2E008167FE /* TriggerListTableViewController.m in Sources */ = {isa = PBXBuildFile; fileRef = 68669CB217A96A2E008167FE /* TriggerListTableViewController.m */; };
		68669CB617A96A2E008167FE /* ReminderTableViewController.m in Sources */ = {isa = PBXBuildFile; fileRef = 68669CB317A96A2E008167FE /* ReminderTableViewController.m */; };
		68884C7017A58E0F0063CF02 /* LogTableViewController.m in Sources */ = {isa = PBXBuildFile; fileRef = 68884C6F17A58E0F0063CF02 /* LogTableViewController.m */; };
		689A07D617A9A2900087A9CC /* WRConstants.m in Sources */ = {isa = PBXBuildFile; fileRef = 689A07D517A9A2900087A9CC /* WRConstants.m */; };
		68A721651796406500BDA9EE /* UITopLeftLabel.m in Sources */ = {isa = PBXBuildFile; fileRef = 68A721641796406500BDA9EE /* UITopLeftLabel.m */; };
		68BA01AF17B1DEA40097F704 /* WeeklyReview.xcdatamodeld in Sources */ = {isa = PBXBuildFile; fileRef = 68BA01AD17B1DEA40097F704 /* WeeklyReview.xcdatamodeld */; };
		68CD047B1799C80E00CDCB40 /* Settings.bundle in Resources */ = {isa = PBXBuildFile; fileRef = 68CD047A1799C80E00CDCB40 /* Settings.bundle */; };
		68CFBE8C17A86582002C6C6E /* EventTableViewController.m in Sources */ = {isa = PBXBuildFile; fileRef = 68CFBE8A17A86582002C6C6E /* EventTableViewController.m */; };
		68CFBE8F17A8688E002C6C6E /* EventKit.framework in Frameworks */ = {isa = PBXBuildFile; fileRef = 68CFBE8D17A8688E002C6C6E /* EventKit.framework */; };
		68CFBE9017A8688E002C6C6E /* EventKitUI.framework in Frameworks */ = {isa = PBXBuildFile; fileRef = 68CFBE8E17A8688E002C6C6E /* EventKitUI.framework */; };
		68FDE0C117B1E5F300A60A53 /* Trigger.m in Sources */ = {isa = PBXBuildFile; fileRef = 68FDE0C017B1E5F300A60A53 /* Trigger.m */; };
		68FDE0C417B1E5F300A60A53 /* Group.m in Sources */ = {isa = PBXBuildFile; fileRef = 68FDE0C317B1E5F300A60A53 /* Group.m */; };
/* End PBXBuildFile section */

/* Begin PBXContainerItemProxy section */
		6820F0F41795E9AA00332A80 /* PBXContainerItemProxy */ = {
			isa = PBXContainerItemProxy;
			containerPortal = 6820F0C31795E9AA00332A80 /* Project object */;
			proxyType = 1;
			remoteGlobalIDString = 6820F0CA1795E9AA00332A80;
			remoteInfo = WRAssistant;
		};
/* End PBXContainerItemProxy section */

/* Begin PBXFileReference section */
		6806B8B417ACADFD007F7A37 /* ThoughtGuideTableViewController.h */ = {isa = PBXFileReference; fileEncoding = 4; lastKnownFileType = sourcecode.c.h; path = ThoughtGuideTableViewController.h; sourceTree = "<group>"; };
		6806B8B517ACADFD007F7A37 /* ThoughtGuideTableViewController.m */ = {isa = PBXFileReference; fileEncoding = 4; lastKnownFileType = sourcecode.c.objc; path = ThoughtGuideTableViewController.m; sourceTree = "<group>"; };
		6806B8B717ACB164007F7A37 /* AddThoughtGuideViewController.h */ = {isa = PBXFileReference; fileEncoding = 4; lastKnownFileType = sourcecode.c.h; path = AddThoughtGuideViewController.h; sourceTree = "<group>"; };
		6806B8B817ACB164007F7A37 /* AddThoughtGuideViewController.m */ = {isa = PBXFileReference; fileEncoding = 4; lastKnownFileType = sourcecode.c.objc; path = AddThoughtGuideViewController.m; sourceTree = "<group>"; };
		6812A779179EDD86007609DC /* Group+Create.h */ = {isa = PBXFileReference; fileEncoding = 4; lastKnownFileType = sourcecode.c.h; path = "Group+Create.h"; sourceTree = "<group>"; };
		6812A77A179EDD86007609DC /* Group+Create.m */ = {isa = PBXFileReference; fileEncoding = 4; lastKnownFileType = sourcecode.c.objc; path = "Group+Create.m"; sourceTree = "<group>"; };
		6812A77C179EDDDC007609DC /* Trigger+Create.h */ = {isa = PBXFileReference; fileEncoding = 4; lastKnownFileType = sourcecode.c.h; path = "Trigger+Create.h"; sourceTree = "<group>"; };
		6812A77D179EDDDC007609DC /* Trigger+Create.m */ = {isa = PBXFileReference; fileEncoding = 4; lastKnownFileType = sourcecode.c.objc; path = "Trigger+Create.m"; sourceTree = "<group>"; };
		6820F0CB1795E9AA00332A80 /* WRAssistant.app */ = {isa = PBXFileReference; explicitFileType = wrapper.application; includeInIndex = 0; path = WRAssistant.app; sourceTree = BUILT_PRODUCTS_DIR; };
		6820F0CE1795E9AA00332A80 /* Foundation.framework */ = {isa = PBXFileReference; lastKnownFileType = wrapper.framework; name = Foundation.framework; path = System/Library/Frameworks/Foundation.framework; sourceTree = SDKROOT; };
		6820F0D01795E9AA00332A80 /* CoreGraphics.framework */ = {isa = PBXFileReference; lastKnownFileType = wrapper.framework; name = CoreGraphics.framework; path = System/Library/Frameworks/CoreGraphics.framework; sourceTree = SDKROOT; };
		6820F0D21795E9AA00332A80 /* UIKit.framework */ = {isa = PBXFileReference; lastKnownFileType = wrapper.framework; name = UIKit.framework; path = System/Library/Frameworks/UIKit.framework; sourceTree = SDKROOT; };
		6820F0D61795E9AA00332A80 /* WRAssistant-Info.plist */ = {isa = PBXFileReference; lastKnownFileType = text.plist.xml; path = "WRAssistant-Info.plist"; sourceTree = "<group>"; };
		6820F0D81795E9AA00332A80 /* en */ = {isa = PBXFileReference; lastKnownFileType = text.plist.strings; name = en; path = en.lproj/InfoPlist.strings; sourceTree = "<group>"; };
		6820F0DA1795E9AA00332A80 /* main.m */ = {isa = PBXFileReference; lastKnownFileType = sourcecode.c.objc; path = main.m; sourceTree = "<group>"; };
		6820F0DC1795E9AA00332A80 /* WRAssistant-Prefix.pch */ = {isa = PBXFileReference; lastKnownFileType = sourcecode.c.h; path = "WRAssistant-Prefix.pch"; sourceTree = "<group>"; };
		6820F0DD1795E9AA00332A80 /* WRAppDelegate.h */ = {isa = PBXFileReference; lastKnownFileType = sourcecode.c.h; path = WRAppDelegate.h; sourceTree = "<group>"; };
		6820F0DE1795E9AA00332A80 /* WRAppDelegate.m */ = {isa = PBXFileReference; lastKnownFileType = sourcecode.c.objc; path = WRAppDelegate.m; sourceTree = "<group>"; };
		6820F0E11795E9AA00332A80 /* Base */ = {isa = PBXFileReference; lastKnownFileType = file.storyboard; name = Base; path = Base.lproj/Main_iPhone.storyboard; sourceTree = "<group>"; };
		6820F0E41795E9AA00332A80 /* Base */ = {isa = PBXFileReference; lastKnownFileType = file.storyboard; name = Base; path = Base.lproj/Main_iPad.storyboard; sourceTree = "<group>"; };
		6820F0E61795E9AA00332A80 /* Step1ViewController.h */ = {isa = PBXFileReference; lastKnownFileType = sourcecode.c.h; path = Step1ViewController.h; sourceTree = "<group>"; };
		6820F0E71795E9AA00332A80 /* Step1ViewController.m */ = {isa = PBXFileReference; lastKnownFileType = sourcecode.c.objc; path = Step1ViewController.m; sourceTree = "<group>"; };
		6820F0E91795E9AA00332A80 /* Images.xcassets */ = {isa = PBXFileReference; lastKnownFileType = folder.assetcatalog; path = Images.xcassets; sourceTree = "<group>"; };
		6820F0EF1795E9AA00332A80 /* WRAssistantTests.xctest */ = {isa = PBXFileReference; explicitFileType = wrapper.cfbundle; includeInIndex = 0; path = WRAssistantTests.xctest; sourceTree = BUILT_PRODUCTS_DIR; };
		6820F0F01795E9AA00332A80 /* XCTest.framework */ = {isa = PBXFileReference; lastKnownFileType = wrapper.framework; name = XCTest.framework; path = Library/Frameworks/XCTest.framework; sourceTree = DEVELOPER_DIR; };
		6820F0F81795E9AA00332A80 /* WRAssistantTests-Info.plist */ = {isa = PBXFileReference; lastKnownFileType = text.plist.xml; path = "WRAssistantTests-Info.plist"; sourceTree = "<group>"; };
		6820F0FA1795E9AA00332A80 /* en */ = {isa = PBXFileReference; lastKnownFileType = text.plist.strings; name = en; path = en.lproj/InfoPlist.strings; sourceTree = "<group>"; };
		6820F0FC1795E9AA00332A80 /* WRAssistantTests.m */ = {isa = PBXFileReference; lastKnownFileType = sourcecode.c.objc; path = WRAssistantTests.m; sourceTree = "<group>"; };
		6820F1061795EBF800332A80 /* Step2ViewController.h */ = {isa = PBXFileReference; fileEncoding = 4; lastKnownFileType = sourcecode.c.h; path = Step2ViewController.h; sourceTree = "<group>"; };
		6820F1071795EBF800332A80 /* Step2ViewController.m */ = {isa = PBXFileReference; fileEncoding = 4; lastKnownFileType = sourcecode.c.objc; path = Step2ViewController.m; sourceTree = "<group>"; };
		6820F1091795EC2800332A80 /* Step3ViewController.h */ = {isa = PBXFileReference; fileEncoding = 4; lastKnownFileType = sourcecode.c.h; path = Step3ViewController.h; sourceTree = "<group>"; };
		6820F10A1795EC2800332A80 /* Step3ViewController.m */ = {isa = PBXFileReference; fileEncoding = 4; lastKnownFileType = sourcecode.c.objc; path = Step3ViewController.m; sourceTree = "<group>"; };
		6820F10C1795EC3F00332A80 /* Step4ViewController.h */ = {isa = PBXFileReference; fileEncoding = 4; lastKnownFileType = sourcecode.c.h; path = Step4ViewController.h; sourceTree = "<group>"; };
		6820F10D1795EC3F00332A80 /* Step4ViewController.m */ = {isa = PBXFileReference; fileEncoding = 4; lastKnownFileType = sourcecode.c.objc; path = Step4ViewController.m; sourceTree = "<group>"; };
		6820F10F1795EC6C00332A80 /* Step5ViewController.h */ = {isa = PBXFileReference; fileEncoding = 4; lastKnownFileType = sourcecode.c.h; path = Step5ViewController.h; sourceTree = "<group>"; };
		6820F1101795EC6C00332A80 /* Step5ViewController.m */ = {isa = PBXFileReference; fileEncoding = 4; lastKnownFileType = sourcecode.c.objc; path = Step5ViewController.m; sourceTree = "<group>"; };
		6820F1121795EC8700332A80 /* Step6ViewController.h */ = {isa = PBXFileReference; fileEncoding = 4; lastKnownFileType = sourcecode.c.h; path = Step6ViewController.h; sourceTree = "<group>"; };
		6820F1131795EC8700332A80 /* Step6ViewController.m */ = {isa = PBXFileReference; fileEncoding = 4; lastKnownFileType = sourcecode.c.objc; path = Step6ViewController.m; sourceTree = "<group>"; };
		6820F1151795EC9800332A80 /* Step7ViewController.h */ = {isa = PBXFileReference; fileEncoding = 4; lastKnownFileType = sourcecode.c.h; path = Step7ViewController.h; sourceTree = "<group>"; };
		6820F1161795EC9800332A80 /* Step7ViewController.m */ = {isa = PBXFileReference; fileEncoding = 4; lastKnownFileType = sourcecode.c.objc; path = Step7ViewController.m; sourceTree = "<group>"; };
		6820F1181795ECAF00332A80 /* Step8ViewController.h */ = {isa = PBXFileReference; fileEncoding = 4; lastKnownFileType = sourcecode.c.h; path = Step8ViewController.h; sourceTree = "<group>"; };
		6820F1191795ECAF00332A80 /* Step8ViewController.m */ = {isa = PBXFileReference; fileEncoding = 4; lastKnownFileType = sourcecode.c.objc; path = Step8ViewController.m; sourceTree = "<group>"; };
		6820F11B1795ECCA00332A80 /* Step9ViewController.h */ = {isa = PBXFileReference; fileEncoding = 4; lastKnownFileType = sourcecode.c.h; path = Step9ViewController.h; sourceTree = "<group>"; };
		6820F11C1795ECCA00332A80 /* Step9ViewController.m */ = {isa = PBXFileReference; fileEncoding = 4; lastKnownFileType = sourcecode.c.objc; path = Step9ViewController.m; sourceTree = "<group>"; };
		6820F11E1795ECDD00332A80 /* Step10ViewController.h */ = {isa = PBXFileReference; fileEncoding = 4; lastKnownFileType = sourcecode.c.h; path = Step10ViewController.h; sourceTree = "<group>"; };
		6820F11F1795ECDD00332A80 /* Step10ViewController.m */ = {isa = PBXFileReference; fileEncoding = 4; lastKnownFileType = sourcecode.c.objc; path = Step10ViewController.m; sourceTree = "<group>"; };
		6820F1211795ECEC00332A80 /* Step11ViewController.h */ = {isa = PBXFileReference; fileEncoding = 4; lastKnownFileType = sourcecode.c.h; path = Step11ViewController.h; sourceTree = "<group>"; };
		6820F1221795ECEC00332A80 /* Step11ViewController.m */ = {isa = PBXFileReference; fileEncoding = 4; lastKnownFileType = sourcecode.c.objc; path = Step11ViewController.m; sourceTree = "<group>"; };
		6821575217B6C1B60000E1A1 /* WRStepViewController.h */ = {isa = PBXFileReference; fileEncoding = 4; lastKnownFileType = sourcecode.c.h; path = WRStepViewController.h; sourceTree = "<group>"; };
		6821575317B6C1B60000E1A1 /* WRStepViewController.m */ = {isa = PBXFileReference; fileEncoding = 4; lastKnownFileType = sourcecode.c.objc; path = WRStepViewController.m; sourceTree = "<group>"; };
		68301DE017B04C05009DA35B /* AddTriggerViewController.h */ = {isa = PBXFileReference; fileEncoding = 4; lastKnownFileType = sourcecode.c.h; path = AddTriggerViewController.h; sourceTree = "<group>"; };
		68301DE117B04C05009DA35B /* AddTriggerViewController.m */ = {isa = PBXFileReference; fileEncoding = 4; lastKnownFileType = sourcecode.c.objc; path = AddTriggerViewController.m; sourceTree = "<group>"; };
		6831668817B2A81D00BABF39 /* ThoughtGuide.h */ = {isa = PBXFileReference; fileEncoding = 4; lastKnownFileType = sourcecode.c.h; path = ThoughtGuide.h; sourceTree = "<group>"; };
		6831668917B2A81D00BABF39 /* ThoughtGuide.m */ = {isa = PBXFileReference; fileEncoding = 4; lastKnownFileType = sourcecode.c.objc; path = ThoughtGuide.m; sourceTree = "<group>"; };
		6831668B17B2A99100BABF39 /* ThoughtGuide+Create.h */ = {isa = PBXFileReference; fileEncoding = 4; lastKnownFileType = sourcecode.c.h; path = "ThoughtGuide+Create.h"; sourceTree = "<group>"; };
		6831668C17B2A99100BABF39 /* ThoughtGuide+Create.m */ = {isa = PBXFileReference; fileEncoding = 4; lastKnownFileType = sourcecode.c.objc; path = "ThoughtGuide+Create.m"; sourceTree = "<group>"; };
		6840AB2617A0C6C90067D4C9 /* CoreData.framework */ = {isa = PBXFileReference; lastKnownFileType = wrapper.framework; name = CoreData.framework; path = System/Library/Frameworks/CoreData.framework; sourceTree = SDKROOT; };
		685240AE17B6D93400BBE97E /* TimeCountdown.h */ = {isa = PBXFileReference; fileEncoding = 4; lastKnownFileType = sourcecode.c.h; path = TimeCountdown.h; sourceTree = "<group>"; };
		685240AF17B6D93400BBE97E /* TimeCountdown.m */ = {isa = PBXFileReference; fileEncoding = 4; lastKnownFileType = sourcecode.c.objc; path = TimeCountdown.m; sourceTree = "<group>"; };
		6865BDC117B83844007EBB9F /* WRStepsTableViewController.h */ = {isa = PBXFileReference; fileEncoding = 4; lastKnownFileType = sourcecode.c.h; path = WRStepsTableViewController.h; sourceTree = "<group>"; };
		6865BDC217B83844007EBB9F /* WRStepsTableViewController.m */ = {isa = PBXFileReference; fileEncoding = 4; lastKnownFileType = sourcecode.c.objc; path = WRStepsTableViewController.m; sourceTree = "<group>"; };
		68669CB117A96A2E008167FE /* TriggerListTableViewController.h */ = {isa = PBXFileReference; fileEncoding = 4; lastKnownFileType = sourcecode.c.h; path = TriggerListTableViewController.h; sourceTree = "<group>"; };
		68669CB217A96A2E008167FE /* TriggerListTableViewController.m */ = {isa = PBXFileReference; fileEncoding = 4; lastKnownFileType = sourcecode.c.objc; path = TriggerListTableViewController.m; sourceTree = "<group>"; };
		68669CB317A96A2E008167FE /* ReminderTableViewController.m */ = {isa = PBXFileReference; fileEncoding = 4; lastKnownFileType = sourcecode.c.objc; path = ReminderTableViewController.m; sourceTree = "<group>"; };
		68669CB417A96A2E008167FE /* ReminderTableViewController.h */ = {isa = PBXFileReference; fileEncoding = 4; lastKnownFileType = sourcecode.c.h; path = ReminderTableViewController.h; sourceTree = "<group>"; };
		68884C6E17A58E0F0063CF02 /* LogTableViewController.h */ = {isa = PBXFileReference; fileEncoding = 4; lastKnownFileType = sourcecode.c.h; path = LogTableViewController.h; sourceTree = "<group>"; };
		68884C6F17A58E0F0063CF02 /* LogTableViewController.m */ = {isa = PBXFileReference; fileEncoding = 4; lastKnownFileType = sourcecode.c.objc; path = LogTableViewController.m; sourceTree = "<group>"; };
		689A07D417A9A2900087A9CC /* WRConstants.h */ = {isa = PBXFileReference; fileEncoding = 4; lastKnownFileType = sourcecode.c.h; path = WRConstants.h; sourceTree = "<group>"; };
		689A07D517A9A2900087A9CC /* WRConstants.m */ = {isa = PBXFileReference; fileEncoding = 4; lastKnownFileType = sourcecode.c.objc; path = WRConstants.m; sourceTree = "<group>"; };
		689A07D717A9A80C0087A9CC /* WRMacros.h */ = {isa = PBXFileReference; fileEncoding = 4; lastKnownFileType = sourcecode.c.h; path = WRMacros.h; sourceTree = "<group>"; };
		68A721631796406500BDA9EE /* UITopLeftLabel.h */ = {isa = PBXFileReference; fileEncoding = 4; lastKnownFileType = sourcecode.c.h; path = UITopLeftLabel.h; sourceTree = "<group>"; };
		68A721641796406500BDA9EE /* UITopLeftLabel.m */ = {isa = PBXFileReference; fileEncoding = 4; lastKnownFileType = sourcecode.c.objc; path = UITopLeftLabel.m; sourceTree = "<group>"; };
		68BA01AE17B1DEA40097F704 /* WeeklyReview.xcdatamodel */ = {isa = PBXFileReference; lastKnownFileType = wrapper.xcdatamodel; path = WeeklyReview.xcdatamodel; sourceTree = "<group>"; };
		68CD047A1799C80E00CDCB40 /* Settings.bundle */ = {isa = PBXFileReference; lastKnownFileType = "wrapper.plug-in"; path = Settings.bundle; sourceTree = "<group>"; };
		68CFBE8A17A86582002C6C6E /* EventTableViewController.m */ = {isa = PBXFileReference; fileEncoding = 4; lastKnownFileType = sourcecode.c.objc; path = EventTableViewController.m; sourceTree = "<group>"; };
		68CFBE8B17A86582002C6C6E /* EventTableViewController.h */ = {isa = PBXFileReference; fileEncoding = 4; lastKnownFileType = sourcecode.c.h; path = EventTableViewController.h; sourceTree = "<group>"; };
		68CFBE8D17A8688E002C6C6E /* EventKit.framework */ = {isa = PBXFileReference; lastKnownFileType = wrapper.framework; name = EventKit.framework; path = System/Library/Frameworks/EventKit.framework; sourceTree = SDKROOT; };
		68CFBE8E17A8688E002C6C6E /* EventKitUI.framework */ = {isa = PBXFileReference; lastKnownFileType = wrapper.framework; name = EventKitUI.framework; path = System/Library/Frameworks/EventKitUI.framework; sourceTree = SDKROOT; };
		68FDE0BF17B1E5F300A60A53 /* Trigger.h */ = {isa = PBXFileReference; fileEncoding = 4; lastKnownFileType = sourcecode.c.h; path = Trigger.h; sourceTree = "<group>"; };
		68FDE0C017B1E5F300A60A53 /* Trigger.m */ = {isa = PBXFileReference; fileEncoding = 4; lastKnownFileType = sourcecode.c.objc; path = Trigger.m; sourceTree = "<group>"; };
		68FDE0C217B1E5F300A60A53 /* Group.h */ = {isa = PBXFileReference; fileEncoding = 4; lastKnownFileType = sourcecode.c.h; path = Group.h; sourceTree = "<group>"; };
		68FDE0C317B1E5F300A60A53 /* Group.m */ = {isa = PBXFileReference; fileEncoding = 4; lastKnownFileType = sourcecode.c.objc; path = Group.m; sourceTree = "<group>"; };
/* End PBXFileReference section */

/* Begin PBXFrameworksBuildPhase section */
		6820F0C81795E9AA00332A80 /* Frameworks */ = {
			isa = PBXFrameworksBuildPhase;
			buildActionMask = 2147483647;
			files = (
				68CFBE8F17A8688E002C6C6E /* EventKit.framework in Frameworks */,
				68CFBE9017A8688E002C6C6E /* EventKitUI.framework in Frameworks */,
				6840AB2717A0C6C90067D4C9 /* CoreData.framework in Frameworks */,
				6820F0D11795E9AA00332A80 /* CoreGraphics.framework in Frameworks */,
				6820F0D31795E9AA00332A80 /* UIKit.framework in Frameworks */,
				6820F0CF1795E9AA00332A80 /* Foundation.framework in Frameworks */,
			);
			runOnlyForDeploymentPostprocessing = 0;
		};
		6820F0EC1795E9AA00332A80 /* Frameworks */ = {
			isa = PBXFrameworksBuildPhase;
			buildActionMask = 2147483647;
			files = (
				6820F0F11795E9AA00332A80 /* XCTest.framework in Frameworks */,
				6820F0F31795E9AA00332A80 /* UIKit.framework in Frameworks */,
				6820F0F21795E9AA00332A80 /* Foundation.framework in Frameworks */,
			);
			runOnlyForDeploymentPostprocessing = 0;
		};
/* End PBXFrameworksBuildPhase section */

/* Begin PBXGroup section */
		6820F0C21795E9AA00332A80 = {
			isa = PBXGroup;
			children = (
				6820F0D41795E9AA00332A80 /* WRAssistant */,
				6820F0F61795E9AA00332A80 /* WRAssistantTests */,
				6820F0CD1795E9AA00332A80 /* Frameworks */,
				6820F0CC1795E9AA00332A80 /* Products */,
			);
			sourceTree = "<group>";
		};
		6820F0CC1795E9AA00332A80 /* Products */ = {
			isa = PBXGroup;
			children = (
				6820F0CB1795E9AA00332A80 /* WRAssistant.app */,
				6820F0EF1795E9AA00332A80 /* WRAssistantTests.xctest */,
			);
			name = Products;
			sourceTree = "<group>";
		};
		6820F0CD1795E9AA00332A80 /* Frameworks */ = {
			isa = PBXGroup;
			children = (
				68CFBE8D17A8688E002C6C6E /* EventKit.framework */,
				68CFBE8E17A8688E002C6C6E /* EventKitUI.framework */,
				6840AB2617A0C6C90067D4C9 /* CoreData.framework */,
				6820F0CE1795E9AA00332A80 /* Foundation.framework */,
				6820F0D01795E9AA00332A80 /* CoreGraphics.framework */,
				6820F0D21795E9AA00332A80 /* UIKit.framework */,
				6820F0F01795E9AA00332A80 /* XCTest.framework */,
			);
			name = Frameworks;
			sourceTree = "<group>";
		};
		6820F0D41795E9AA00332A80 /* WRAssistant */ = {
			isa = PBXGroup;
			children = (
				6820F0E01795E9AA00332A80 /* Main_iPhone.storyboard */,
				6820F0E31795E9AA00332A80 /* Main_iPad.storyboard */,
				68BA01AD17B1DEA40097F704 /* WeeklyReview.xcdatamodeld */,
				6865BDC117B83844007EBB9F /* WRStepsTableViewController.h */,
				6865BDC217B83844007EBB9F /* WRStepsTableViewController.m */,
				6820F0DD1795E9AA00332A80 /* WRAppDelegate.h */,
				6820F0DE1795E9AA00332A80 /* WRAppDelegate.m */,
				68669CB917A9713A008167FE /* Autogenerated */,
				68669CB717A970CF008167FE /* Common */,
				68669CBD17A97305008167FE /* Step 1 - Collect Loose Paper */,
				68669CBE17A97315008167FE /* Step 2 - Get Into Zero */,
				68669CBF17A9731D008167FE /* Step 3 - Empty Your Head */,
				68669CC017A97325008167FE /* Step 4 - Review Action Lists */,
				68669CC117A9732E008167FE /* Step 5 - Review Previous Calendar */,
				68669CC217A97339008167FE /* Step 6 - Review Upcoming Calendar */,
				68669CC317A97344008167FE /* Step 7 - Review Waiting-For List */,
				68669CC417A9734E008167FE /* Step 8 - Review Project Lists */,
				68669CC517A97356008167FE /* Step 9 - Review Checklists */,
				68669CC617A9735D008167FE /* Step 10 - Review Someday/Maybe List */,
				68669CC717A97368008167FE /* Step 11 - Capture New Ideas */,
				68669CBC17A972B5008167FE /* App Information */,
				6820F0E91795E9AA00332A80 /* Images.xcassets */,
				6820F0D51795E9AA00332A80 /* Supporting Files */,
				68CD047A1799C80E00CDCB40 /* Settings.bundle */,
			);
			path = WRAssistant;
			sourceTree = "<group>";
		};
		6820F0D51795E9AA00332A80 /* Supporting Files */ = {
			isa = PBXGroup;
			children = (
				6820F0D61795E9AA00332A80 /* WRAssistant-Info.plist */,
				6820F0D71795E9AA00332A80 /* InfoPlist.strings */,
				6820F0DA1795E9AA00332A80 /* main.m */,
				6820F0DC1795E9AA00332A80 /* WRAssistant-Prefix.pch */,
			);
			name = "Supporting Files";
			sourceTree = "<group>";
		};
		6820F0F61795E9AA00332A80 /* WRAssistantTests */ = {
			isa = PBXGroup;
			children = (
				6820F0FC1795E9AA00332A80 /* WRAssistantTests.m */,
				6820F0F71795E9AA00332A80 /* Supporting Files */,
			);
			path = WRAssistantTests;
			sourceTree = "<group>";
		};
		6820F0F71795E9AA00332A80 /* Supporting Files */ = {
			isa = PBXGroup;
			children = (
				6820F0F81795E9AA00332A80 /* WRAssistantTests-Info.plist */,
				6820F0F91795E9AA00332A80 /* InfoPlist.strings */,
			);
			name = "Supporting Files";
			sourceTree = "<group>";
		};
		68669CB717A970CF008167FE /* Common */ = {
			isa = PBXGroup;
			children = (
				6821575217B6C1B60000E1A1 /* WRStepViewController.h */,
				6821575317B6C1B60000E1A1 /* WRStepViewController.m */,
				685240AE17B6D93400BBE97E /* TimeCountdown.h */,
				685240AF17B6D93400BBE97E /* TimeCountdown.m */,
				68A721631796406500BDA9EE /* UITopLeftLabel.h */,
				68A721641796406500BDA9EE /* UITopLeftLabel.m */,
				689A07D417A9A2900087A9CC /* WRConstants.h */,
				689A07D517A9A2900087A9CC /* WRConstants.m */,
				689A07D717A9A80C0087A9CC /* WRMacros.h */,
			);
			name = Common;
			sourceTree = "<group>";
		};
		68669CB917A9713A008167FE /* Autogenerated */ = {
			isa = PBXGroup;
			children = (
				6831668817B2A81D00BABF39 /* ThoughtGuide.h */,
				6831668917B2A81D00BABF39 /* ThoughtGuide.m */,
				68FDE0C217B1E5F300A60A53 /* Group.h */,
				68FDE0C317B1E5F300A60A53 /* Group.m */,
				68FDE0BF17B1E5F300A60A53 /* Trigger.h */,
				68FDE0C017B1E5F300A60A53 /* Trigger.m */,
			);
			name = Autogenerated;
			sourceTree = "<group>";
		};
		68669CBA17A97190008167FE /* Calendar Events */ = {
			isa = PBXGroup;
			children = (
				68CFBE8B17A86582002C6C6E /* EventTableViewController.h */,
				68CFBE8A17A86582002C6C6E /* EventTableViewController.m */,
			);
			name = "Calendar Events";
			sourceTree = "<group>";
		};
		68669CBB17A971AC008167FE /* Reminders */ = {
			isa = PBXGroup;
			children = (
				68669CB417A96A2E008167FE /* ReminderTableViewController.h */,
				68669CB317A96A2E008167FE /* ReminderTableViewController.m */,
			);
			name = Reminders;
			sourceTree = "<group>";
		};
		68669CBC17A972B5008167FE /* App Information */ = {
			isa = PBXGroup;
			children = (
				68884C6F17A58E0F0063CF02 /* LogTableViewController.m */,
				68884C6E17A58E0F0063CF02 /* LogTableViewController.h */,
			);
			name = "App Information";
			sourceTree = "<group>";
		};
		68669CBD17A97305008167FE /* Step 1 - Collect Loose Paper */ = {
			isa = PBXGroup;
			children = (
				6820F0E61795E9AA00332A80 /* Step1ViewController.h */,
				6820F0E71795E9AA00332A80 /* Step1ViewController.m */,
				68669CBB17A971AC008167FE /* Reminders */,
			);
			name = "Step 1 - Collect Loose Paper";
			sourceTree = "<group>";
		};
		68669CBE17A97315008167FE /* Step 2 - Get Into Zero */ = {
			isa = PBXGroup;
			children = (
				6820F1061795EBF800332A80 /* Step2ViewController.h */,
				6820F1071795EBF800332A80 /* Step2ViewController.m */,
			);
			name = "Step 2 - Get Into Zero";
			sourceTree = "<group>";
		};
		68669CBF17A9731D008167FE /* Step 3 - Empty Your Head */ = {
			isa = PBXGroup;
			children = (
				6820F1091795EC2800332A80 /* Step3ViewController.h */,
				6820F10A1795EC2800332A80 /* Step3ViewController.m */,
				68301DE017B04C05009DA35B /* AddTriggerViewController.h */,
				68301DE117B04C05009DA35B /* AddTriggerViewController.m */,
				68669CB117A96A2E008167FE /* TriggerListTableViewController.h */,
				68669CB217A96A2E008167FE /* TriggerListTableViewController.m */,
				6812A77C179EDDDC007609DC /* Trigger+Create.h */,
				6812A77D179EDDDC007609DC /* Trigger+Create.m */,
				6812A779179EDD86007609DC /* Group+Create.h */,
				6812A77A179EDD86007609DC /* Group+Create.m */,
			);
			name = "Step 3 - Empty Your Head";
			sourceTree = "<group>";
		};
		68669CC017A97325008167FE /* Step 4 - Review Action Lists */ = {
			isa = PBXGroup;
			children = (
				6820F10C1795EC3F00332A80 /* Step4ViewController.h */,
				6820F10D1795EC3F00332A80 /* Step4ViewController.m */,
			);
			name = "Step 4 - Review Action Lists";
			sourceTree = "<group>";
		};
		68669CC117A9732E008167FE /* Step 5 - Review Previous Calendar */ = {
			isa = PBXGroup;
			children = (
				6820F10F1795EC6C00332A80 /* Step5ViewController.h */,
				6820F1101795EC6C00332A80 /* Step5ViewController.m */,
				68669CBA17A97190008167FE /* Calendar Events */,
			);
			name = "Step 5 - Review Previous Calendar";
			sourceTree = "<group>";
		};
		68669CC217A97339008167FE /* Step 6 - Review Upcoming Calendar */ = {
			isa = PBXGroup;
			children = (
				6820F1121795EC8700332A80 /* Step6ViewController.h */,
				6820F1131795EC8700332A80 /* Step6ViewController.m */,
			);
			name = "Step 6 - Review Upcoming Calendar";
			sourceTree = "<group>";
		};
		68669CC317A97344008167FE /* Step 7 - Review Waiting-For List */ = {
			isa = PBXGroup;
			children = (
				6820F1151795EC9800332A80 /* Step7ViewController.h */,
				6820F1161795EC9800332A80 /* Step7ViewController.m */,
			);
			name = "Step 7 - Review Waiting-For List";
			sourceTree = "<group>";
		};
		68669CC417A9734E008167FE /* Step 8 - Review Project Lists */ = {
			isa = PBXGroup;
			children = (
				6820F1181795ECAF00332A80 /* Step8ViewController.h */,
				6820F1191795ECAF00332A80 /* Step8ViewController.m */,
			);
			name = "Step 8 - Review Project Lists";
			sourceTree = "<group>";
		};
		68669CC517A97356008167FE /* Step 9 - Review Checklists */ = {
			isa = PBXGroup;
			children = (
				6820F11B1795ECCA00332A80 /* Step9ViewController.h */,
				6820F11C1795ECCA00332A80 /* Step9ViewController.m */,
			);
			name = "Step 9 - Review Checklists";
			sourceTree = "<group>";
		};
		68669CC617A9735D008167FE /* Step 10 - Review Someday/Maybe List */ = {
			isa = PBXGroup;
			children = (
				6820F11E1795ECDD00332A80 /* Step10ViewController.h */,
				6820F11F1795ECDD00332A80 /* Step10ViewController.m */,
			);
			name = "Step 10 - Review Someday/Maybe List";
			sourceTree = "<group>";
		};
		68669CC717A97368008167FE /* Step 11 - Capture New Ideas */ = {
			isa = PBXGroup;
			children = (
				6831668B17B2A99100BABF39 /* ThoughtGuide+Create.h */,
				6831668C17B2A99100BABF39 /* ThoughtGuide+Create.m */,
				6806B8B717ACB164007F7A37 /* AddThoughtGuideViewController.h */,
				6806B8B817ACB164007F7A37 /* AddThoughtGuideViewController.m */,
				6820F1211795ECEC00332A80 /* Step11ViewController.h */,
				6820F1221795ECEC00332A80 /* Step11ViewController.m */,
				6806B8B417ACADFD007F7A37 /* ThoughtGuideTableViewController.h */,
				6806B8B517ACADFD007F7A37 /* ThoughtGuideTableViewController.m */,
			);
			name = "Step 11 - Capture New Ideas";
			sourceTree = "<group>";
		};
/* End PBXGroup section */

/* Begin PBXNativeTarget section */
		6820F0CA1795E9AA00332A80 /* WRAssistant */ = {
			isa = PBXNativeTarget;
			buildConfigurationList = 6820F1001795E9AA00332A80 /* Build configuration list for PBXNativeTarget "WRAssistant" */;
			buildPhases = (
				6820F0C71795E9AA00332A80 /* Sources */,
				6820F0C81795E9AA00332A80 /* Frameworks */,
				6820F0C91795E9AA00332A80 /* Resources */,
			);
			buildRules = (
			);
			dependencies = (
			);
			name = WRAssistant;
			productName = WRAssistant;
			productReference = 6820F0CB1795E9AA00332A80 /* WRAssistant.app */;
			productType = "com.apple.product-type.application";
		};
		6820F0EE1795E9AA00332A80 /* WRAssistantTests */ = {
			isa = PBXNativeTarget;
			buildConfigurationList = 6820F1031795E9AA00332A80 /* Build configuration list for PBXNativeTarget "WRAssistantTests" */;
			buildPhases = (
				6820F0EB1795E9AA00332A80 /* Sources */,
				6820F0EC1795E9AA00332A80 /* Frameworks */,
				6820F0ED1795E9AA00332A80 /* Resources */,
			);
			buildRules = (
			);
			dependencies = (
				6820F0F51795E9AA00332A80 /* PBXTargetDependency */,
			);
			name = WRAssistantTests;
			productName = WRAssistantTests;
			productReference = 6820F0EF1795E9AA00332A80 /* WRAssistantTests.xctest */;
			productType = "com.apple.product-type.bundle.unit-test";
		};
/* End PBXNativeTarget section */

/* Begin PBXProject section */
		6820F0C31795E9AA00332A80 /* Project object */ = {
			isa = PBXProject;
			attributes = {
				CLASSPREFIX = Step1;
				LastUpgradeCheck = 0500;
				ORGANIZATIONNAME = "kevin utecht";
				TargetAttributes = {
					6820F0EE1795E9AA00332A80 = {
						TestTargetID = 6820F0CA1795E9AA00332A80;
					};
				};
			};
			buildConfigurationList = 6820F0C61795E9AA00332A80 /* Build configuration list for PBXProject "WRAssistant" */;
			compatibilityVersion = "Xcode 3.2";
			developmentRegion = English;
			hasScannedForEncodings = 0;
			knownRegions = (
				en,
				Base,
			);
			mainGroup = 6820F0C21795E9AA00332A80;
			productRefGroup = 6820F0CC1795E9AA00332A80 /* Products */;
			projectDirPath = "";
			projectRoot = "";
			targets = (
				6820F0CA1795E9AA00332A80 /* WRAssistant */,
				6820F0EE1795E9AA00332A80 /* WRAssistantTests */,
			);
		};
/* End PBXProject section */

/* Begin PBXResourcesBuildPhase section */
		6820F0C91795E9AA00332A80 /* Resources */ = {
			isa = PBXResourcesBuildPhase;
			buildActionMask = 2147483647;
			files = (
				6820F0E51795E9AA00332A80 /* Main_iPad.storyboard in Resources */,
				6820F0EA1795E9AA00332A80 /* Images.xcassets in Resources */,
				68CD047B1799C80E00CDCB40 /* Settings.bundle in Resources */,
				6820F0E21795E9AA00332A80 /* Main_iPhone.storyboard in Resources */,
				6820F0D91795E9AA00332A80 /* InfoPlist.strings in Resources */,
			);
			runOnlyForDeploymentPostprocessing = 0;
		};
		6820F0ED1795E9AA00332A80 /* Resources */ = {
			isa = PBXResourcesBuildPhase;
			buildActionMask = 2147483647;
			files = (
				6820F0FB1795E9AA00332A80 /* InfoPlist.strings in Resources */,
			);
			runOnlyForDeploymentPostprocessing = 0;
		};
/* End PBXResourcesBuildPhase section */

/* Begin PBXSourcesBuildPhase section */
		6820F0C71795E9AA00332A80 /* Sources */ = {
			isa = PBXSourcesBuildPhase;
			buildActionMask = 2147483647;
			files = (
				68BA01AF17B1DEA40097F704 /* WeeklyReview.xcdatamodeld in Sources */,
				6820F0DF1795E9AA00332A80 /* WRAppDelegate.m in Sources */,
				6812A77E179EDDDC007609DC /* Trigger+Create.m in Sources */,
				6821575417B6C1B60000E1A1 /* WRStepViewController.m in Sources */,
				68669CB517A96A2E008167FE /* TriggerListTableViewController.m in Sources */,
				6820F1171795EC9800332A80 /* Step7ViewController.m in Sources */,
				68669CB617A96A2E008167FE /* ReminderTableViewController.m in Sources */,
				6820F1141795EC8700332A80 /* Step6ViewController.m in Sources */,
				6831668A17B2A81D00BABF39 /* ThoughtGuide.m in Sources */,
				68A721651796406500BDA9EE /* UITopLeftLabel.m in Sources */,
				6820F1081795EBF800332A80 /* Step2ViewController.m in Sources */,
				6820F11D1795ECCA00332A80 /* Step9ViewController.m in Sources */,
				6820F10B1795EC2800332A80 /* Step3ViewController.m in Sources */,
				6820F1231795ECEC00332A80 /* Step11ViewController.m in Sources */,
				6806B8B617ACADFD007F7A37 /* ThoughtGuideTableViewController.m in Sources */,
				6820F10E1795EC3F00332A80 /* Step4ViewController.m in Sources */,
				68FDE0C117B1E5F300A60A53 /* Trigger.m in Sources */,
				68301DE217B04C05009DA35B /* AddTriggerViewController.m in Sources */,
				6806B8B917ACB164007F7A37 /* AddThoughtGuideViewController.m in Sources */,
				68CFBE8C17A86582002C6C6E /* EventTableViewController.m in Sources */,
				689A07D617A9A2900087A9CC /* WRConstants.m in Sources */,
				6820F0DB1795E9AA00332A80 /* main.m in Sources */,
				6865BDC317B83844007EBB9F /* WRStepsTableViewController.m in Sources */,
				6831668D17B2A99100BABF39 /* ThoughtGuide+Create.m in Sources */,
				68884C7017A58E0F0063CF02 /* LogTableViewController.m in Sources */,
				6820F0E81795E9AA00332A80 /* Step1ViewController.m in Sources */,
				68FDE0C417B1E5F300A60A53 /* Group.m in Sources */,
				6820F1201795ECDD00332A80 /* Step10ViewController.m in Sources */,
				6820F1111795EC6C00332A80 /* Step5ViewController.m in Sources */,
				685240B017B6D93400BBE97E /* TimeCountdown.m in Sources */,
				6812A77B179EDD86007609DC /* Group+Create.m in Sources */,
				6820F11A1795ECAF00332A80 /* Step8ViewController.m in Sources */,
			);
			runOnlyForDeploymentPostprocessing = 0;
		};
		6820F0EB1795E9AA00332A80 /* Sources */ = {
			isa = PBXSourcesBuildPhase;
			buildActionMask = 2147483647;
			files = (
				6820F0FD1795E9AA00332A80 /* WRAssistantTests.m in Sources */,
			);
			runOnlyForDeploymentPostprocessing = 0;
		};
/* End PBXSourcesBuildPhase section */

/* Begin PBXTargetDependency section */
		6820F0F51795E9AA00332A80 /* PBXTargetDependency */ = {
			isa = PBXTargetDependency;
			target = 6820F0CA1795E9AA00332A80 /* WRAssistant */;
			targetProxy = 6820F0F41795E9AA00332A80 /* PBXContainerItemProxy */;
		};
/* End PBXTargetDependency section */

/* Begin PBXVariantGroup section */
		6820F0D71795E9AA00332A80 /* InfoPlist.strings */ = {
			isa = PBXVariantGroup;
			children = (
				6820F0D81795E9AA00332A80 /* en */,
			);
			name = InfoPlist.strings;
			sourceTree = "<group>";
		};
		6820F0E01795E9AA00332A80 /* Main_iPhone.storyboard */ = {
			isa = PBXVariantGroup;
			children = (
				6820F0E11795E9AA00332A80 /* Base */,
			);
			name = Main_iPhone.storyboard;
			sourceTree = "<group>";
		};
		6820F0E31795E9AA00332A80 /* Main_iPad.storyboard */ = {
			isa = PBXVariantGroup;
			children = (
				6820F0E41795E9AA00332A80 /* Base */,
			);
			name = Main_iPad.storyboard;
			sourceTree = "<group>";
		};
		6820F0F91795E9AA00332A80 /* InfoPlist.strings */ = {
			isa = PBXVariantGroup;
			children = (
				6820F0FA1795E9AA00332A80 /* en */,
			);
			name = InfoPlist.strings;
			sourceTree = "<group>";
		};
/* End PBXVariantGroup section */

/* Begin XCBuildConfiguration section */
		6820F0FE1795E9AA00332A80 /* Debug */ = {
			isa = XCBuildConfiguration;
			buildSettings = {
				ALWAYS_SEARCH_USER_PATHS = NO;
				CLANG_CXX_LANGUAGE_STANDARD = "gnu++0x";
				CLANG_CXX_LIBRARY = "libc++";
				CLANG_ENABLE_MODULES = YES;
				CLANG_ENABLE_OBJC_ARC = YES;
				CLANG_WARN_BOOL_CONVERSION = YES;
				CLANG_WARN_CONSTANT_CONVERSION = YES;
				CLANG_WARN_DIRECT_OBJC_ISA_USAGE = YES_ERROR;
				CLANG_WARN_EMPTY_BODY = YES;
				CLANG_WARN_ENUM_CONVERSION = YES;
				CLANG_WARN_INT_CONVERSION = YES;
				CLANG_WARN_OBJC_ROOT_CLASS = YES_ERROR;
				CLANG_WARN__DUPLICATE_METHOD_MATCH = YES;
				"CODE_SIGN_IDENTITY[sdk=iphoneos*]" = "iPhone Developer";
				COPY_PHASE_STRIP = NO;
				GCC_C_LANGUAGE_STANDARD = gnu99;
				GCC_DYNAMIC_NO_PIC = NO;
				GCC_OPTIMIZATION_LEVEL = 0;
				GCC_PREPROCESSOR_DEFINITIONS = (
					"DEBUG=1",
					"$(inherited)",
				);
				GCC_SYMBOLS_PRIVATE_EXTERN = NO;
				GCC_WARN_ABOUT_RETURN_TYPE = YES_ERROR;
				GCC_WARN_UNDECLARED_SELECTOR = YES;
				GCC_WARN_UNINITIALIZED_AUTOS = YES;
				GCC_WARN_UNUSED_FUNCTION = YES;
				GCC_WARN_UNUSED_VARIABLE = YES;
				IPHONEOS_DEPLOYMENT_TARGET = 7.0;
				ONLY_ACTIVE_ARCH = YES;
				SDKROOT = iphoneos;
				TARGETED_DEVICE_FAMILY = "1,2";
			};
			name = Debug;
		};
		6820F0FF1795E9AA00332A80 /* Release */ = {
			isa = XCBuildConfiguration;
			buildSettings = {
				ALWAYS_SEARCH_USER_PATHS = NO;
				CLANG_CXX_LANGUAGE_STANDARD = "gnu++0x";
				CLANG_CXX_LIBRARY = "libc++";
				CLANG_ENABLE_MODULES = YES;
				CLANG_ENABLE_OBJC_ARC = YES;
				CLANG_WARN_BOOL_CONVERSION = YES;
				CLANG_WARN_CONSTANT_CONVERSION = YES;
				CLANG_WARN_DIRECT_OBJC_ISA_USAGE = YES_ERROR;
				CLANG_WARN_EMPTY_BODY = YES;
				CLANG_WARN_ENUM_CONVERSION = YES;
				CLANG_WARN_INT_CONVERSION = YES;
				CLANG_WARN_OBJC_ROOT_CLASS = YES_ERROR;
				CLANG_WARN__DUPLICATE_METHOD_MATCH = YES;
				"CODE_SIGN_IDENTITY[sdk=iphoneos*]" = "iPhone Developer";
				COPY_PHASE_STRIP = YES;
				ENABLE_NS_ASSERTIONS = NO;
				GCC_C_LANGUAGE_STANDARD = gnu99;
				GCC_WARN_ABOUT_RETURN_TYPE = YES_ERROR;
				GCC_WARN_UNDECLARED_SELECTOR = YES;
				GCC_WARN_UNINITIALIZED_AUTOS = YES;
				GCC_WARN_UNUSED_FUNCTION = YES;
				GCC_WARN_UNUSED_VARIABLE = YES;
				IPHONEOS_DEPLOYMENT_TARGET = 7.0;
				SDKROOT = iphoneos;
				TARGETED_DEVICE_FAMILY = "1,2";
				VALIDATE_PRODUCT = YES;
			};
			name = Release;
		};
		6820F1011795E9AA00332A80 /* Debug */ = {
			isa = XCBuildConfiguration;
			buildSettings = {
				ASSETCATALOG_COMPILER_APPICON_NAME = AppIcon;
				ASSETCATALOG_COMPILER_LAUNCHIMAGE_NAME = LaunchImage;
				GCC_PRECOMPILE_PREFIX_HEADER = YES;
				GCC_PREFIX_HEADER = "WRAssistant/WRAssistant-Prefix.pch";
				INFOPLIST_FILE = "WRAssistant/WRAssistant-Info.plist";
				PRODUCT_NAME = "$(TARGET_NAME)";
				WRAPPER_EXTENSION = app;
			};
			name = Debug;
		};
		6820F1021795E9AA00332A80 /* Release */ = {
			isa = XCBuildConfiguration;
			buildSettings = {
				ASSETCATALOG_COMPILER_APPICON_NAME = AppIcon;
				ASSETCATALOG_COMPILER_LAUNCHIMAGE_NAME = LaunchImage;
				GCC_PRECOMPILE_PREFIX_HEADER = YES;
				GCC_PREFIX_HEADER = "WRAssistant/WRAssistant-Prefix.pch";
				INFOPLIST_FILE = "WRAssistant/WRAssistant-Info.plist";
				PRODUCT_NAME = "$(TARGET_NAME)";
				WRAPPER_EXTENSION = app;
			};
			name = Release;
		};
		6820F1041795E9AA00332A80 /* Debug */ = {
			isa = XCBuildConfiguration;
			buildSettings = {
				BUNDLE_LOADER = "$(BUILT_PRODUCTS_DIR)/WRAssistant.app/WRAssistant";
				FRAMEWORK_SEARCH_PATHS = (
					"$(SDKROOT)/Developer/Library/Frameworks",
					"$(inherited)",
					"$(SYSTEM_APPS_DIR)/Xcode5-DP3.app/Contents/Developer/Library/Frameworks",
				);
				GCC_PRECOMPILE_PREFIX_HEADER = YES;
				GCC_PREFIX_HEADER = "WRAssistant/WRAssistant-Prefix.pch";
				GCC_PREPROCESSOR_DEFINITIONS = (
					"DEBUG=1",
					"$(inherited)",
				);
				INFOPLIST_FILE = "WRAssistantTests/WRAssistantTests-Info.plist";
				PRODUCT_NAME = "$(TARGET_NAME)";
				TEST_HOST = "$(BUNDLE_LOADER)";
				WRAPPER_EXTENSION = xctest;
			};
			name = Debug;
		};
		6820F1051795E9AA00332A80 /* Release */ = {
			isa = XCBuildConfiguration;
			buildSettings = {
				BUNDLE_LOADER = "$(BUILT_PRODUCTS_DIR)/WRAssistant.app/WRAssistant";
				FRAMEWORK_SEARCH_PATHS = (
					"$(SDKROOT)/Developer/Library/Frameworks",
					"$(inherited)",
					"$(SYSTEM_APPS_DIR)/Xcode5-DP3.app/Contents/Developer/Library/Frameworks",
				);
				GCC_PRECOMPILE_PREFIX_HEADER = YES;
				GCC_PREFIX_HEADER = "WRAssistant/WRAssistant-Prefix.pch";
				INFOPLIST_FILE = "WRAssistantTests/WRAssistantTests-Info.plist";
				PRODUCT_NAME = "$(TARGET_NAME)";
				TEST_HOST = "$(BUNDLE_LOADER)";
				WRAPPER_EXTENSION = xctest;
			};
			name = Release;
		};
/* End XCBuildConfiguration section */

/* Begin XCConfigurationList section */
		6820F0C61795E9AA00332A80 /* Build configuration list for PBXProject "WRAssistant" */ = {
			isa = XCConfigurationList;
			buildConfigurations = (
				6820F0FE1795E9AA00332A80 /* Debug */,
				6820F0FF1795E9AA00332A80 /* Release */,
			);
			defaultConfigurationIsVisible = 0;
			defaultConfigurationName = Release;
		};
		6820F1001795E9AA00332A80 /* Build configuration list for PBXNativeTarget "WRAssistant" */ = {
			isa = XCConfigurationList;
			buildConfigurations = (
				6820F1011795E9AA00332A80 /* Debug */,
				6820F1021795E9AA00332A80 /* Release */,
			);
			defaultConfigurationIsVisible = 0;
			defaultConfigurationName = Release;
		};
		6820F1031795E9AA00332A80 /* Build configuration list for PBXNativeTarget "WRAssistantTests" */ = {
			isa = XCConfigurationList;
			buildConfigurations = (
				6820F1041795E9AA00332A80 /* Debug */,
				6820F1051795E9AA00332A80 /* Release */,
			);
			defaultConfigurationIsVisible = 0;
			defaultConfigurationName = Release;
		};
/* End XCConfigurationList section */

/* Begin XCVersionGroup section */
		68BA01AD17B1DEA40097F704 /* WeeklyReview.xcdatamodeld */ = {
			isa = XCVersionGroup;
			children = (
				68BA01AE17B1DEA40097F704 /* WeeklyReview.xcdatamodel */,
			);
			currentVersion = 68BA01AE17B1DEA40097F704 /* WeeklyReview.xcdatamodel */;
			path = WeeklyReview.xcdatamodeld;
			sourceTree = "<group>";
			versionGroupType = wrapper.xcdatamodel;
		};
/* End XCVersionGroup section */
	};
	rootObject = 6820F0C31795E9AA00332A80 /* Project object */;
}
